
Microsoft Visual Studio Solution File, Format Version 11.00
# Visual Studio 2010
Project("{FAE04EC0-301F-11D3-BF4B-00C04F79EFBC}") = "Barcode", "Barcode\Barcode.csproj", "{9ADE9E06-A3A2-4BB7-8E24-EA5FB820D327}"
EndProject
Global
	GlobalSection(SolutionConfigurationPlatforms) = preSolution
		Debug|Any CPU = Debug|Any CPU
		Release|Any CPU = Release|Any CPU
	EndGlobalSection
	GlobalSection(ProjectConfigurationPlatforms) = postSolution
		{9ADE9E06-A3A2-4BB7-8E24-EA5FB820D327}.Debug|Any CPU.ActiveCfg = Debug|Any CPU
		{9ADE9E06-A3A2-4BB7-8E24-EA5FB820D327}.Debug|Any CPU.Build.0 = Debug|Any CPU
		{9ADE9E06-A3A2-4BB7-8E24-EA5FB820D327}.Release|Any CPU.ActiveCfg = Release|Any CPU
		{9ADE9E06-A3A2-4BB7-8E24-EA5FB820D327}.Release|Any CPU.Build.0 = Release|Any CPU
	EndGlobalSection
	GlobalSection(SolutionProperties) = preSolution
		HideSolutionNode = FALSE
	EndGlobalSection
EndGlobal
