
Microsoft Visual Studio Solution File, Format Version 11.00
# Visual Studio 2010
Project("{FAE04EC0-301F-11D3-BF4B-00C04F79EFBC}") = "SerializeDataWithJSON.NET", "SerializeDataWithJSON.NET\SerializeDataWithJSON.NET.csproj", "{E66A92FC-C729-4D11-AEAC-DAEFBC8135B1}"
EndProject
Global
	GlobalSection(SolutionConfigurationPlatforms) = preSolution
		Debug|Any CPU = Debug|Any CPU
		Release|Any CPU = Release|Any CPU
	EndGlobalSection
	GlobalSection(ProjectConfigurationPlatforms) = postSolution
		{E66A92FC-C729-4D11-AEAC-DAEFBC8135B1}.Debug|Any CPU.ActiveCfg = Debug|Any CPU
		{E66A92FC-C729-4D11-AEAC-DAEFBC8135B1}.Debug|Any CPU.Build.0 = Debug|Any CPU
		{E66A92FC-C729-4D11-AEAC-DAEFBC8135B1}.Release|Any CPU.ActiveCfg = Release|Any CPU
		{E66A92FC-C729-4D11-AEAC-DAEFBC8135B1}.Release|Any CPU.Build.0 = Release|Any CPU
	EndGlobalSection
	GlobalSection(SolutionProperties) = preSolution
		HideSolutionNode = FALSE
	EndGlobalSection
EndGlobal
